
Microsoft Visual Studio Solution File, Format Version 12.00
# Visual Studio Version 17
VisualStudioVersion = 17.6.33815.320
MinimumVisualStudioVersion = 10.0.40219.1
Project("{FAE04EC0-301F-11D3-BF4B-00C04F79EFBC}") = "person-Excample", "person-Excample\person-Excample.csproj", "{AD25662C-5662-47CD-95B3-245553BF8D35}"
EndProject
Global
	GlobalSection(SolutionConfigurationPlatforms) = preSolution
		Debug|Any CPU = Debug|Any CPU
		Release|Any CPU = Release|Any CPU
	EndGlobalSection
	GlobalSection(ProjectConfigurationPlatforms) = postSolution
		{AD25662C-5662-47CD-95B3-245553BF8D35}.Debug|Any CPU.ActiveCfg = Debug|Any CPU
		{AD25662C-5662-47CD-95B3-245553BF8D35}.Debug|Any CPU.Build.0 = Debug|Any CPU
		{AD25662C-5662-47CD-95B3-245553BF8D35}.Release|Any CPU.ActiveCfg = Release|Any CPU
		{AD25662C-5662-47CD-95B3-245553BF8D35}.Release|Any CPU.Build.0 = Release|Any CPU
	EndGlobalSection
	GlobalSection(SolutionProperties) = preSolution
		HideSolutionNode = FALSE
	EndGlobalSection
	GlobalSection(ExtensibilityGlobals) = postSolution
		SolutionGuid = {ACCE78C1-B1E5-4A1F-A7F2-B85655AFB194}
	EndGlobalSection
EndGlobal
